{
  "lockfileVersion": 1,
  "configVersion": 1,
  "workspaces": {
    "": {
      "name": "bun-win32",
      "devDependencies": {
        "@types/bun": "1.3.12",
        "@types/node": "^25.6.0",
        "bun-types": "1.3.12",
        "typescript": "5.9.3",
      },
    },
    "packages/advapi32": {
      "name": "@bun-win32/advapi32",
      "version": "1.0.11",
      "dependencies": {
        "@bun-win32/core": "workspace:*",
      },
      "devDependencies": {
        "@bun-win32/kernel32": "workspace:*",
        "@types/bun": "latest",
      },
      "peerDependencies": {
        "typescript": "^5",
      },
    },
    "packages/avifil32": {
      "name": "@bun-win32/avifil32",
      "version": "1.0.0",
      "dependencies": {
        "@bun-win32/core": "workspace:*",
      },
      "devDependencies": {
        "@bun-win32/kernel32": "workspace:*",
        "@types/bun": "latest",
      },
      "peerDependencies": {
        "typescript": "^5",
      },
    },
    "packages/bcrypt": {
      "name": "@bun-win32/bcrypt",
      "version": "1.0.0",
      "dependencies": {
        "@bun-win32/core": "workspace:*",
      },
      "devDependencies": {
        "@types/bun": "latest",
      },
      "peerDependencies": {
        "typescript": "^5",
      },
    },
    "packages/bluetoothapis": {
      "name": "@bun-win32/bluetoothapis",
      "version": "1.0.1",
      "dependencies": {
        "@bun-win32/core": "workspace:*",
      },
      "devDependencies": {
        "@types/bun": "latest",
      },
      "peerDependencies": {
        "typescript": "^5",
      },
    },
    "packages/cabinet": {
      "name": "@bun-win32/cabinet",
      "version": "1.0.0",
      "dependencies": {
        "@bun-win32/core": "workspace:*",
      },
      "devDependencies": {
        "@bun-win32/kernel32": "workspace:*",
        "@types/bun": "latest",
      },
      "peerDependencies": {
        "typescript": "^5",
      },
    },
    "packages/cfgmgr32": {
      "name": "@bun-win32/cfgmgr32",
      "version": "1.0.0",
      "dependencies": {
        "@bun-win32/core": "workspace:*",
      },
      "devDependencies": {
        "@types/bun": "latest",
      },
      "peerDependencies": {
        "typescript": "^5",
      },
    },
    "packages/combase": {
      "name": "@bun-win32/combase",
      "version": "1.0.0",
      "dependencies": {
        "@bun-win32/core": "workspace:*",
      },
      "devDependencies": {
        "@types/bun": "latest",
      },
      "peerDependencies": {
        "typescript": "^5",
      },
    },
    "packages/comctl32": {
      "name": "@bun-win32/comctl32",
      "version": "1.0.0",
      "dependencies": {
        "@bun-win32/core": "workspace:*",
      },
      "devDependencies": {
        "@types/bun": "latest",
      },
      "peerDependencies": {
        "typescript": "^5",
      },
    },
    "packages/comdlg32": {
      "name": "@bun-win32/comdlg32",
      "version": "1.0.0",
      "dependencies": {
        "@bun-win32/core": "workspace:*",
      },
      "devDependencies": {
        "@bun-win32/kernel32": "workspace:*",
        "@bun-win32/user32": "workspace:*",
        "@types/bun": "latest",
      },
      "peerDependencies": {
        "typescript": "^5",
      },
    },
    "packages/core": {
      "name": "@bun-win32/core",
      "version": "1.1.2",
      "devDependencies": {
        "@types/bun": "latest",
      },
      "peerDependencies": {
        "typescript": "^5",
      },
    },
    "packages/credui": {
      "name": "@bun-win32/credui",
      "version": "1.0.0",
      "dependencies": {
        "@bun-win32/core": "workspace:*",
      },
      "devDependencies": {
        "@bun-win32/kernel32": "workspace:*",
        "@bun-win32/ole32": "workspace:*",
        "@types/bun": "latest",
      },
      "peerDependencies": {
        "typescript": "^5",
      },
    },
    "packages/crypt32": {
      "name": "@bun-win32/crypt32",
      "version": "1.0.4",
      "dependencies": {
        "@bun-win32/core": "workspace:*",
      },
      "devDependencies": {
        "@bun-win32/kernel32": "workspace:*",
        "@types/bun": "latest",
      },
      "peerDependencies": {
        "typescript": "^5",
      },
    },
    "packages/d2d1": {
      "name": "@bun-win32/d2d1",
      "version": "1.0.0",
      "dependencies": {
        "@bun-win32/core": "workspace:*",
      },
      "devDependencies": {
        "@types/bun": "latest",
      },
      "peerDependencies": {
        "typescript": "^5",
      },
    },
    "packages/d3d11": {
      "name": "@bun-win32/d3d11",
      "version": "1.0.0",
      "dependencies": {
        "@bun-win32/core": "workspace:*",
      },
      "devDependencies": {
        "@types/bun": "latest",
      },
      "peerDependencies": {
        "typescript": "^5",
      },
    },
    "packages/d3d12": {
      "name": "@bun-win32/d3d12",
      "version": "1.0.0",
      "dependencies": {
        "@bun-win32/core": "workspace:*",
      },
      "devDependencies": {
        "@types/bun": "latest",
      },
      "peerDependencies": {
        "typescript": "^5",
      },
    },
    "packages/d3dcompiler_47": {
      "name": "@bun-win32/d3dcompiler_47",
      "version": "1.0.0",
      "dependencies": {
        "@bun-win32/core": "workspace:*",
      },
      "devDependencies": {
        "@types/bun": "latest",
      },
      "peerDependencies": {
        "typescript": "^5",
      },
    },
    "packages/dbghelp": {
      "name": "@bun-win32/dbghelp",
      "version": "1.0.0",
      "dependencies": {
        "@bun-win32/core": "workspace:*",
      },
      "devDependencies": {
        "@types/bun": "latest",
      },
      "peerDependencies": {
        "typescript": "^5",
      },
    },
    "packages/dinput8": {
      "name": "@bun-win32/dinput8",
      "version": "1.0.0",
      "dependencies": {
        "@bun-win32/core": "workspace:*",
      },
      "devDependencies": {
        "@types/bun": "latest",
        "@types/node": "^25.6.0",
      },
      "peerDependencies": {
        "typescript": "^5",
      },
    },
    "packages/dnsapi": {
      "name": "@bun-win32/dnsapi",
      "version": "1.0.0",
      "dependencies": {
        "@bun-win32/core": "workspace:*",
      },
      "devDependencies": {
        "@types/bun": "latest",
      },
      "peerDependencies": {
        "typescript": "^5",
      },
    },
    "packages/dsound": {
      "name": "@bun-win32/dsound",
      "version": "1.0.0",
      "dependencies": {
        "@bun-win32/core": "workspace:*",
      },
      "devDependencies": {
        "@types/bun": "latest",
        "@types/node": "^25.6.0",
      },
      "peerDependencies": {
        "typescript": "^5",
      },
    },
    "packages/dwmapi": {
      "name": "@bun-win32/dwmapi",
      "version": "1.0.4",
      "dependencies": {
        "@bun-win32/core": "workspace:*",
      },
      "devDependencies": {
        "@bun-win32/advapi32": "workspace:*",
        "@bun-win32/user32": "workspace:*",
        "@types/bun": "latest",
      },
      "peerDependencies": {
        "typescript": "^5",
      },
    },
    "packages/dwrite": {
      "name": "@bun-win32/dwrite",
      "version": "1.0.0",
      "dependencies": {
        "@bun-win32/core": "workspace:*",
      },
      "devDependencies": {
        "@types/bun": "latest",
      },
      "peerDependencies": {
        "typescript": "^5",
      },
    },
    "packages/dxcore": {
      "name": "@bun-win32/dxcore",
      "version": "1.0.0",
      "dependencies": {
        "@bun-win32/core": "workspace:*",
      },
      "devDependencies": {
        "@types/bun": "latest",
      },
      "peerDependencies": {
        "typescript": "^5",
      },
    },
    "packages/dxgi": {
      "name": "@bun-win32/dxgi",
      "version": "1.0.0",
      "dependencies": {
        "@bun-win32/core": "workspace:*",
      },
      "devDependencies": {
        "@types/bun": "latest",
        "@types/node": "^25.6.0",
      },
      "peerDependencies": {
        "typescript": "^5",
      },
    },
    "packages/dxva2": {
      "name": "@bun-win32/dxva2",
      "version": "1.0.0",
      "dependencies": {
        "@bun-win32/core": "workspace:*",
      },
      "devDependencies": {
        "@bun-win32/user32": "workspace:*",
        "@types/bun": "latest",
      },
      "peerDependencies": {
        "typescript": "^5",
      },
    },
    "packages/gdi32": {
      "name": "@bun-win32/gdi32",
      "version": "1.0.12",
      "dependencies": {
        "@bun-win32/core": "workspace:*",
      },
      "devDependencies": {
        "@bun-win32/kernel32": "workspace:*",
        "@bun-win32/user32": "workspace:*",
        "@types/bun": "latest",
      },
      "peerDependencies": {
        "typescript": "^5",
      },
    },
    "packages/gdiplus": {
      "name": "@bun-win32/gdiplus",
      "version": "1.0.0",
      "dependencies": {
        "@bun-win32/core": "workspace:*",
      },
      "devDependencies": {
        "@types/bun": "latest",
      },
      "peerDependencies": {
        "typescript": "^5",
      },
    },
    "packages/glu32": {
      "name": "@bun-win32/glu32",
      "version": "1.0.12",
      "dependencies": {
        "@bun-win32/core": "workspace:*",
      },
      "devDependencies": {
        "@bun-win32/gdi32": "workspace:*",
        "@bun-win32/kernel32": "workspace:*",
        "@bun-win32/opengl32": "workspace:*",
        "@bun-win32/user32": "workspace:*",
        "@types/bun": "latest",
      },
      "peerDependencies": {
        "typescript": "^5",
      },
    },
    "packages/hid": {
      "name": "@bun-win32/hid",
      "version": "1.0.3",
      "dependencies": {
        "@bun-win32/core": "workspace:*",
      },
      "devDependencies": {
        "@bun-win32/kernel32": "workspace:*",
        "@types/bun": "latest",
      },
      "peerDependencies": {
        "typescript": "^5",
      },
    },
    "packages/httpapi": {
      "name": "@bun-win32/httpapi",
      "version": "1.0.0",
      "dependencies": {
        "@bun-win32/core": "workspace:*",
      },
      "devDependencies": {
        "@types/bun": "latest",
      },
      "peerDependencies": {
        "typescript": "^5",
      },
    },
    "packages/iphlpapi": {
      "name": "@bun-win32/iphlpapi",
      "version": "1.0.4",
      "dependencies": {
        "@bun-win32/core": "workspace:*",
      },
      "devDependencies": {
        "@types/bun": "latest",
      },
      "peerDependencies": {
        "typescript": "^5",
      },
    },
    "packages/kernel32": {
      "name": "@bun-win32/kernel32",
      "version": "1.0.21",
      "dependencies": {
        "@bun-win32/core": "workspace:*",
      },
      "devDependencies": {
        "@types/bun": "latest",
      },
      "peerDependencies": {
        "typescript": "^5",
      },
    },
    "packages/magnification": {
      "name": "@bun-win32/magnification",
      "version": "1.0.0",
      "dependencies": {
        "@bun-win32/core": "workspace:*",
      },
      "devDependencies": {
        "@bun-win32/kernel32": "workspace:*",
        "@bun-win32/user32": "workspace:*",
        "@types/bun": "latest",
      },
      "peerDependencies": {
        "typescript": "^5",
      },
    },
    "packages/mfplat": {
      "name": "@bun-win32/mfplat",
      "version": "1.0.0",
      "dependencies": {
        "@bun-win32/core": "workspace:*",
      },
      "devDependencies": {
        "@types/bun": "latest",
      },
      "peerDependencies": {
        "typescript": "^5",
      },
    },
    "packages/mfreadwrite": {
      "name": "@bun-win32/mfreadwrite",
      "version": "1.0.0",
      "dependencies": {
        "@bun-win32/core": "workspace:*",
      },
      "devDependencies": {
        "@types/bun": "latest",
      },
      "peerDependencies": {
        "typescript": "^5",
      },
    },
    "packages/mi": {
      "name": "@bun-win32/mi",
      "version": "1.0.0",
      "dependencies": {
        "@bun-win32/core": "workspace:*",
      },
      "devDependencies": {
        "@bun-win32/kernel32": "workspace:*",
        "@types/bun": "latest",
      },
      "peerDependencies": {
        "typescript": "^5",
      },
    },
    "packages/mmdevapi": {
      "name": "@bun-win32/mmdevapi",
      "version": "1.0.0",
      "dependencies": {
        "@bun-win32/core": "workspace:*",
      },
      "devDependencies": {
        "@types/bun": "latest",
      },
      "peerDependencies": {
        "typescript": "^5",
      },
    },
    "packages/mpr": {
      "name": "@bun-win32/mpr",
      "version": "1.0.0",
      "dependencies": {
        "@bun-win32/core": "workspace:*",
      },
      "devDependencies": {
        "@bun-win32/kernel32": "workspace:*",
        "@types/bun": "latest",
      },
      "peerDependencies": {
        "typescript": "^5",
      },
    },
    "packages/mscms": {
      "name": "@bun-win32/mscms",
      "version": "1.0.0",
      "dependencies": {
        "@bun-win32/core": "workspace:*",
      },
      "devDependencies": {
        "@types/bun": "latest",
      },
      "peerDependencies": {
        "typescript": "^5",
      },
    },
    "packages/msi": {
      "name": "@bun-win32/msi",
      "version": "1.0.0",
      "dependencies": {
        "@bun-win32/core": "workspace:*",
      },
      "devDependencies": {
        "@types/bun": "latest",
      },
      "peerDependencies": {
        "typescript": "^5",
      },
    },
    "packages/ncrypt": {
      "name": "@bun-win32/ncrypt",
      "version": "1.0.0",
      "dependencies": {
        "@bun-win32/core": "workspace:*",
      },
      "devDependencies": {
        "@types/bun": "latest",
      },
      "peerDependencies": {
        "typescript": "^5",
      },
    },
    "packages/netapi32": {
      "name": "@bun-win32/netapi32",
      "version": "1.0.4",
      "dependencies": {
        "@bun-win32/core": "workspace:*",
      },
      "devDependencies": {
        "@types/bun": "latest",
      },
      "peerDependencies": {
        "typescript": "^5",
      },
    },
    "packages/normaliz": {
      "name": "@bun-win32/normaliz",
      "version": "1.0.0",
      "dependencies": {
        "@bun-win32/core": "workspace:*",
      },
      "devDependencies": {
        "@types/bun": "latest",
      },
      "peerDependencies": {
        "typescript": "^5",
      },
    },
    "packages/ntdll": {
      "name": "@bun-win32/ntdll",
      "version": "1.0.6",
      "dependencies": {
        "@bun-win32/core": "workspace:*",
      },
      "devDependencies": {
        "@bun-win32/kernel32": "workspace:*",
        "@types/bun": "latest",
      },
      "peerDependencies": {
        "typescript": "^5",
      },
    },
    "packages/ole32": {
      "name": "@bun-win32/ole32",
      "version": "1.0.0",
      "dependencies": {
        "@bun-win32/core": "workspace:*",
      },
      "devDependencies": {
        "@types/bun": "latest",
      },
      "peerDependencies": {
        "typescript": "^5",
      },
    },
    "packages/oleaut32": {
      "name": "@bun-win32/oleaut32",
      "version": "1.0.0",
      "dependencies": {
        "@bun-win32/core": "workspace:*",
      },
      "devDependencies": {
        "@bun-win32/kernel32": "workspace:*",
        "@types/bun": "latest",
      },
      "peerDependencies": {
        "typescript": "^5",
      },
    },
    "packages/opengl32": {
      "name": "@bun-win32/opengl32",
      "version": "1.4.10",
      "dependencies": {
        "@bun-win32/core": "workspace:*",
      },
      "devDependencies": {
        "@bun-win32/gdi32": "workspace:*",
        "@bun-win32/kernel32": "workspace:*",
        "@bun-win32/user32": "workspace:*",
        "@types/bun": "latest",
      },
      "peerDependencies": {
        "typescript": "^5",
      },
    },
    "packages/pdh": {
      "name": "@bun-win32/pdh",
      "version": "1.0.4",
      "dependencies": {
        "@bun-win32/core": "workspace:*",
      },
      "devDependencies": {
        "@types/bun": "latest",
      },
      "peerDependencies": {
        "typescript": "^5",
      },
    },
    "packages/powrprof": {
      "name": "@bun-win32/powrprof",
      "version": "1.0.1",
      "dependencies": {
        "@bun-win32/core": "workspace:*",
      },
      "devDependencies": {
        "@bun-win32/kernel32": "workspace:*",
        "@types/bun": "latest",
      },
      "peerDependencies": {
        "typescript": "^5",
      },
    },
    "packages/propsys": {
      "name": "@bun-win32/propsys",
      "version": "1.0.0",
      "dependencies": {
        "@bun-win32/core": "workspace:*",
      },
      "devDependencies": {
        "@types/bun": "latest",
      },
      "peerDependencies": {
        "typescript": "^5",
      },
    },
    "packages/psapi": {
      "name": "@bun-win32/psapi",
      "version": "2.0.8",
      "dependencies": {
        "@bun-win32/core": "workspace:*",
      },
      "devDependencies": {
        "@bun-win32/kernel32": "workspace:*",
        "@types/bun": "latest",
      },
      "peerDependencies": {
        "typescript": "^5",
      },
    },
    "packages/rasapi32": {
      "name": "@bun-win32/rasapi32",
      "version": "1.0.0",
      "dependencies": {
        "@bun-win32/core": "workspace:*",
      },
      "devDependencies": {
        "@bun-win32/kernel32": "workspace:*",
        "@types/bun": "latest",
      },
      "peerDependencies": {
        "typescript": "^5",
      },
    },
    "packages/rpcrt4": {
      "name": "@bun-win32/rpcrt4",
      "version": "1.0.0",
      "dependencies": {
        "@bun-win32/core": "workspace:*",
      },
      "devDependencies": {
        "@types/bun": "latest",
      },
      "peerDependencies": {
        "typescript": "^5",
      },
    },
    "packages/rstrtmgr": {
      "name": "@bun-win32/rstrtmgr",
      "version": "1.0.0",
      "dependencies": {
        "@bun-win32/core": "workspace:*",
      },
      "devDependencies": {
        "@bun-win32/kernel32": "workspace:*",
        "@types/bun": "latest",
      },
      "peerDependencies": {
        "typescript": "^5",
      },
    },
    "packages/secur32": {
      "name": "@bun-win32/secur32",
      "version": "1.0.4",
      "dependencies": {
        "@bun-win32/core": "workspace:*",
      },
      "devDependencies": {
        "@types/bun": "latest",
      },
      "peerDependencies": {
        "typescript": "^5",
      },
    },
    "packages/sensapi": {
      "name": "@bun-win32/sensapi",
      "version": "1.0.0",
      "dependencies": {
        "@bun-win32/core": "workspace:*",
      },
      "devDependencies": {
        "@bun-win32/kernel32": "workspace:*",
        "@types/bun": "latest",
      },
      "peerDependencies": {
        "typescript": "^5",
      },
    },
    "packages/setupapi": {
      "name": "@bun-win32/setupapi",
      "version": "1.0.0",
      "dependencies": {
        "@bun-win32/core": "workspace:*",
      },
      "devDependencies": {
        "@bun-win32/kernel32": "workspace:*",
        "@types/bun": "latest",
      },
      "peerDependencies": {
        "typescript": "^5",
      },
    },
    "packages/shcore": {
      "name": "@bun-win32/shcore",
      "version": "1.0.0",
      "dependencies": {
        "@bun-win32/core": "workspace:*",
      },
      "devDependencies": {
        "@types/bun": "latest",
      },
      "peerDependencies": {
        "typescript": "^5",
      },
    },
    "packages/shell32": {
      "name": "@bun-win32/shell32",
      "version": "1.0.6",
      "dependencies": {
        "@bun-win32/core": "workspace:*",
      },
      "devDependencies": {
        "@bun-win32/kernel32": "workspace:*",
        "@types/bun": "latest",
      },
      "peerDependencies": {
        "typescript": "^5",
      },
    },
    "packages/shlwapi": {
      "name": "@bun-win32/shlwapi",
      "version": "1.0.9",
      "dependencies": {
        "@bun-win32/core": "workspace:*",
      },
      "devDependencies": {
        "@types/bun": "latest",
      },
      "peerDependencies": {
        "typescript": "^5",
      },
    },
    "packages/sspicli": {
      "name": "@bun-win32/sspicli",
      "version": "1.0.4",
      "dependencies": {
        "@bun-win32/core": "workspace:*",
      },
      "devDependencies": {
        "@bun-win32/secur32": "workspace:*",
        "@types/bun": "latest",
      },
      "peerDependencies": {
        "typescript": "^5",
      },
    },
    "packages/taskschd": {
      "name": "@bun-win32/taskschd",
      "version": "1.0.0",
      "dependencies": {
        "@bun-win32/core": "workspace:*",
      },
      "devDependencies": {
        "@types/bun": "latest",
      },
      "peerDependencies": {
        "typescript": "^5",
      },
    },
    "packages/tdh": {
      "name": "@bun-win32/tdh",
      "version": "1.0.0",
      "dependencies": {
        "@bun-win32/core": "workspace:*",
      },
      "devDependencies": {
        "@bun-win32/advapi32": "workspace:*",
        "@bun-win32/kernel32": "workspace:*",
        "@types/bun": "latest",
      },
      "peerDependencies": {
        "typescript": "^5",
      },
    },
    "packages/template": {
      "name": "@bun-win32/{name}",
      "version": "1.0.0",
      "dependencies": {
        "@bun-win32/core": "workspace:*",
      },
      "devDependencies": {
        "@types/bun": "latest",
      },
      "peerDependencies": {
        "typescript": "^5",
      },
    },
    "packages/uiautomationcore": {
      "name": "@bun-win32/uiautomationcore",
      "version": "1.0.0",
      "dependencies": {
        "@bun-win32/core": "workspace:*",
      },
      "devDependencies": {
        "@bun-win32/user32": "workspace:*",
        "@types/bun": "latest",
      },
      "peerDependencies": {
        "typescript": "^5",
      },
    },
    "packages/user32": {
      "name": "@bun-win32/user32",
      "version": "3.0.20",
      "dependencies": {
        "@bun-win32/core": "workspace:*",
      },
      "devDependencies": {
        "@types/bun": "latest",
      },
      "peerDependencies": {
        "typescript": "^5",
      },
    },
    "packages/userenv": {
      "name": "@bun-win32/userenv",
      "version": "1.0.0",
      "dependencies": {
        "@bun-win32/core": "workspace:*",
      },
      "devDependencies": {
        "@bun-win32/kernel32": "workspace:*",
        "@types/bun": "latest",
      },
      "peerDependencies": {
        "typescript": "^5",
      },
    },
    "packages/uxtheme": {
      "name": "@bun-win32/uxtheme",
      "version": "1.0.0",
      "dependencies": {
        "@bun-win32/core": "workspace:*",
      },
      "devDependencies": {
        "@types/bun": "latest",
      },
      "peerDependencies": {
        "typescript": "^5",
      },
    },
    "packages/version": {
      "name": "@bun-win32/version",
      "version": "1.0.0",
      "dependencies": {
        "@bun-win32/core": "workspace:*",
      },
      "devDependencies": {
        "@bun-win32/kernel32": "workspace:*",
        "@types/bun": "latest",
      },
      "peerDependencies": {
        "typescript": "^5",
      },
    },
    "packages/virtdisk": {
      "name": "@bun-win32/virtdisk",
      "version": "1.0.0",
      "dependencies": {
        "@bun-win32/core": "workspace:*",
        "@bun-win32/kernel32": "workspace:*",
      },
      "devDependencies": {
        "@types/bun": "latest",
      },
      "peerDependencies": {
        "typescript": "^5",
      },
    },
    "packages/wevtapi": {
      "name": "@bun-win32/wevtapi",
      "version": "1.0.0",
      "dependencies": {
        "@bun-win32/core": "workspace:*",
      },
      "devDependencies": {
        "@bun-win32/kernel32": "workspace:*",
        "@types/bun": "latest",
      },
      "peerDependencies": {
        "typescript": "^5",
      },
    },
    "packages/windowscodecs": {
      "name": "@bun-win32/windowscodecs",
      "version": "1.0.0",
      "dependencies": {
        "@bun-win32/core": "workspace:*",
      },
      "devDependencies": {
        "@bun-win32/ole32": "workspace:*",
        "@types/bun": "latest",
      },
      "peerDependencies": {
        "typescript": "^5",
      },
    },
    "packages/winhttp": {
      "name": "@bun-win32/winhttp",
      "version": "1.0.0",
      "dependencies": {
        "@bun-win32/core": "workspace:*",
      },
      "devDependencies": {
        "@types/bun": "latest",
      },
      "peerDependencies": {
        "typescript": "^5",
      },
    },
    "packages/wininet": {
      "name": "@bun-win32/wininet",
      "version": "1.0.0",
      "dependencies": {
        "@bun-win32/core": "workspace:*",
      },
      "devDependencies": {
        "@types/bun": "latest",
      },
      "peerDependencies": {
        "typescript": "^5",
      },
    },
    "packages/winmm": {
      "name": "@bun-win32/winmm",
      "version": "1.0.2",
      "dependencies": {
        "@bun-win32/core": "workspace:*",
      },
      "devDependencies": {
        "@types/bun": "latest",
      },
      "peerDependencies": {
        "typescript": "^5",
      },
    },
    "packages/winscard": {
      "name": "@bun-win32/winscard",
      "version": "1.0.0",
      "dependencies": {
        "@bun-win32/core": "workspace:*",
      },
      "devDependencies": {
        "@types/bun": "latest",
      },
      "peerDependencies": {
        "typescript": "^5",
      },
    },
    "packages/winspool": {
      "name": "@bun-win32/winspool",
      "version": "1.0.1",
      "dependencies": {
        "@bun-win32/core": "workspace:*",
      },
      "devDependencies": {
        "@types/bun": "latest",
      },
      "peerDependencies": {
        "typescript": "^5",
      },
    },
    "packages/wintrust": {
      "name": "@bun-win32/wintrust",
      "version": "1.0.0",
      "dependencies": {
        "@bun-win32/core": "workspace:*",
      },
      "devDependencies": {
        "@bun-win32/kernel32": "workspace:*",
        "@types/bun": "latest",
      },
      "peerDependencies": {
        "typescript": "^5",
      },
    },
    "packages/winusb": {
      "name": "@bun-win32/winusb",
      "version": "1.0.0",
      "dependencies": {
        "@bun-win32/core": "workspace:*",
      },
      "devDependencies": {
        "@bun-win32/kernel32": "workspace:*",
        "@types/bun": "latest",
      },
      "peerDependencies": {
        "typescript": "^5",
      },
    },
    "packages/wlanapi": {
      "name": "@bun-win32/wlanapi",
      "version": "1.0.3",
      "dependencies": {
        "@bun-win32/core": "workspace:*",
      },
      "devDependencies": {
        "@types/bun": "latest",
      },
      "peerDependencies": {
        "typescript": "^5",
      },
    },
    "packages/wldap32": {
      "name": "@bun-win32/wldap32",
      "version": "1.0.0",
      "dependencies": {
        "@bun-win32/core": "workspace:*",
      },
      "devDependencies": {
        "@types/bun": "latest",
      },
      "peerDependencies": {
        "typescript": "^5",
      },
    },
    "packages/ws2_32": {
      "name": "@bun-win32/ws2_32",
      "version": "1.0.4",
      "dependencies": {
        "@bun-win32/core": "workspace:*",
      },
      "devDependencies": {
        "@types/bun": "latest",
      },
      "peerDependencies": {
        "typescript": "^5",
      },
    },
    "packages/wtsapi32": {
      "name": "@bun-win32/wtsapi32",
      "version": "1.0.0",
      "dependencies": {
        "@bun-win32/core": "workspace:*",
      },
      "devDependencies": {
        "@types/bun": "latest",
      },
      "peerDependencies": {
        "typescript": "^5",
      },
    },
    "packages/xinput1_4": {
      "name": "@bun-win32/xinput1_4",
      "version": "1.0.0",
      "dependencies": {
        "@bun-win32/core": "workspace:*",
      },
      "devDependencies": {
        "@types/bun": "latest",
      },
      "peerDependencies": {
        "typescript": "^5",
      },
    },
    "packages/xinput9_1_0": {
      "name": "@bun-win32/xinput9_1_0",
      "version": "1.0.0",
      "dependencies": {
        "@bun-win32/core": "workspace:*",
      },
      "devDependencies": {
        "@types/bun": "latest",
      },
      "peerDependencies": {
        "typescript": "^5",
      },
    },
  },
  "packages": {
    "@bun-win32/advapi32": ["@bun-win32/advapi32@workspace:packages/advapi32"],

    "@bun-win32/avifil32": ["@bun-win32/avifil32@workspace:packages/avifil32"],

    "@bun-win32/bcrypt": ["@bun-win32/bcrypt@workspace:packages/bcrypt"],

    "@bun-win32/bluetoothapis": ["@bun-win32/bluetoothapis@workspace:packages/bluetoothapis"],

    "@bun-win32/cabinet": ["@bun-win32/cabinet@workspace:packages/cabinet"],

    "@bun-win32/cfgmgr32": ["@bun-win32/cfgmgr32@workspace:packages/cfgmgr32"],

    "@bun-win32/combase": ["@bun-win32/combase@workspace:packages/combase"],

    "@bun-win32/comctl32": ["@bun-win32/comctl32@workspace:packages/comctl32"],

    "@bun-win32/comdlg32": ["@bun-win32/comdlg32@workspace:packages/comdlg32"],

    "@bun-win32/core": ["@bun-win32/core@workspace:packages/core"],

    "@bun-win32/credui": ["@bun-win32/credui@workspace:packages/credui"],

    "@bun-win32/crypt32": ["@bun-win32/crypt32@workspace:packages/crypt32"],

    "@bun-win32/d2d1": ["@bun-win32/d2d1@workspace:packages/d2d1"],

    "@bun-win32/d3d11": ["@bun-win32/d3d11@workspace:packages/d3d11"],

    "@bun-win32/d3d12": ["@bun-win32/d3d12@workspace:packages/d3d12"],

    "@bun-win32/d3dcompiler_47": ["@bun-win32/d3dcompiler_47@workspace:packages/d3dcompiler_47"],

    "@bun-win32/dbghelp": ["@bun-win32/dbghelp@workspace:packages/dbghelp"],

    "@bun-win32/dinput8": ["@bun-win32/dinput8@workspace:packages/dinput8"],

    "@bun-win32/dnsapi": ["@bun-win32/dnsapi@workspace:packages/dnsapi"],

    "@bun-win32/dsound": ["@bun-win32/dsound@workspace:packages/dsound"],

    "@bun-win32/dwmapi": ["@bun-win32/dwmapi@workspace:packages/dwmapi"],

    "@bun-win32/dwrite": ["@bun-win32/dwrite@workspace:packages/dwrite"],

    "@bun-win32/dxcore": ["@bun-win32/dxcore@workspace:packages/dxcore"],

    "@bun-win32/dxgi": ["@bun-win32/dxgi@workspace:packages/dxgi"],

    "@bun-win32/dxva2": ["@bun-win32/dxva2@workspace:packages/dxva2"],

    "@bun-win32/gdi32": ["@bun-win32/gdi32@workspace:packages/gdi32"],

    "@bun-win32/gdiplus": ["@bun-win32/gdiplus@workspace:packages/gdiplus"],

    "@bun-win32/glu32": ["@bun-win32/glu32@workspace:packages/glu32"],

    "@bun-win32/hid": ["@bun-win32/hid@workspace:packages/hid"],

    "@bun-win32/httpapi": ["@bun-win32/httpapi@workspace:packages/httpapi"],

    "@bun-win32/iphlpapi": ["@bun-win32/iphlpapi@workspace:packages/iphlpapi"],

    "@bun-win32/kernel32": ["@bun-win32/kernel32@workspace:packages/kernel32"],

    "@bun-win32/magnification": ["@bun-win32/magnification@workspace:packages/magnification"],

    "@bun-win32/mfplat": ["@bun-win32/mfplat@workspace:packages/mfplat"],

    "@bun-win32/mfreadwrite": ["@bun-win32/mfreadwrite@workspace:packages/mfreadwrite"],

    "@bun-win32/mi": ["@bun-win32/mi@workspace:packages/mi"],

    "@bun-win32/mmdevapi": ["@bun-win32/mmdevapi@workspace:packages/mmdevapi"],

    "@bun-win32/mpr": ["@bun-win32/mpr@workspace:packages/mpr"],

    "@bun-win32/mscms": ["@bun-win32/mscms@workspace:packages/mscms"],

    "@bun-win32/msi": ["@bun-win32/msi@workspace:packages/msi"],

    "@bun-win32/ncrypt": ["@bun-win32/ncrypt@workspace:packages/ncrypt"],

    "@bun-win32/netapi32": ["@bun-win32/netapi32@workspace:packages/netapi32"],

    "@bun-win32/normaliz": ["@bun-win32/normaliz@workspace:packages/normaliz"],

    "@bun-win32/ntdll": ["@bun-win32/ntdll@workspace:packages/ntdll"],

    "@bun-win32/ole32": ["@bun-win32/ole32@workspace:packages/ole32"],

    "@bun-win32/oleaut32": ["@bun-win32/oleaut32@workspace:packages/oleaut32"],

    "@bun-win32/opengl32": ["@bun-win32/opengl32@workspace:packages/opengl32"],

    "@bun-win32/pdh": ["@bun-win32/pdh@workspace:packages/pdh"],

    "@bun-win32/powrprof": ["@bun-win32/powrprof@workspace:packages/powrprof"],

    "@bun-win32/propsys": ["@bun-win32/propsys@workspace:packages/propsys"],

    "@bun-win32/psapi": ["@bun-win32/psapi@workspace:packages/psapi"],

    "@bun-win32/rasapi32": ["@bun-win32/rasapi32@workspace:packages/rasapi32"],

    "@bun-win32/rpcrt4": ["@bun-win32/rpcrt4@workspace:packages/rpcrt4"],

    "@bun-win32/rstrtmgr": ["@bun-win32/rstrtmgr@workspace:packages/rstrtmgr"],

    "@bun-win32/secur32": ["@bun-win32/secur32@workspace:packages/secur32"],

    "@bun-win32/sensapi": ["@bun-win32/sensapi@workspace:packages/sensapi"],

    "@bun-win32/setupapi": ["@bun-win32/setupapi@workspace:packages/setupapi"],

    "@bun-win32/shcore": ["@bun-win32/shcore@workspace:packages/shcore"],

    "@bun-win32/shell32": ["@bun-win32/shell32@workspace:packages/shell32"],

    "@bun-win32/shlwapi": ["@bun-win32/shlwapi@workspace:packages/shlwapi"],

    "@bun-win32/sspicli": ["@bun-win32/sspicli@workspace:packages/sspicli"],

    "@bun-win32/taskschd": ["@bun-win32/taskschd@workspace:packages/taskschd"],

    "@bun-win32/tdh": ["@bun-win32/tdh@workspace:packages/tdh"],

    "@bun-win32/uiautomationcore": ["@bun-win32/uiautomationcore@workspace:packages/uiautomationcore"],

    "@bun-win32/user32": ["@bun-win32/user32@workspace:packages/user32"],

    "@bun-win32/userenv": ["@bun-win32/userenv@workspace:packages/userenv"],

    "@bun-win32/uxtheme": ["@bun-win32/uxtheme@workspace:packages/uxtheme"],

    "@bun-win32/version": ["@bun-win32/version@workspace:packages/version"],

    "@bun-win32/virtdisk": ["@bun-win32/virtdisk@workspace:packages/virtdisk"],

    "@bun-win32/wevtapi": ["@bun-win32/wevtapi@workspace:packages/wevtapi"],

    "@bun-win32/windowscodecs": ["@bun-win32/windowscodecs@workspace:packages/windowscodecs"],

    "@bun-win32/winhttp": ["@bun-win32/winhttp@workspace:packages/winhttp"],

    "@bun-win32/wininet": ["@bun-win32/wininet@workspace:packages/wininet"],

    "@bun-win32/winmm": ["@bun-win32/winmm@workspace:packages/winmm"],

    "@bun-win32/winscard": ["@bun-win32/winscard@workspace:packages/winscard"],

    "@bun-win32/winspool": ["@bun-win32/winspool@workspace:packages/winspool"],

    "@bun-win32/wintrust": ["@bun-win32/wintrust@workspace:packages/wintrust"],

    "@bun-win32/winusb": ["@bun-win32/winusb@workspace:packages/winusb"],

    "@bun-win32/wlanapi": ["@bun-win32/wlanapi@workspace:packages/wlanapi"],

    "@bun-win32/wldap32": ["@bun-win32/wldap32@workspace:packages/wldap32"],

    "@bun-win32/ws2_32": ["@bun-win32/ws2_32@workspace:packages/ws2_32"],

    "@bun-win32/wtsapi32": ["@bun-win32/wtsapi32@workspace:packages/wtsapi32"],

    "@bun-win32/xinput1_4": ["@bun-win32/xinput1_4@workspace:packages/xinput1_4"],

    "@bun-win32/xinput9_1_0": ["@bun-win32/xinput9_1_0@workspace:packages/xinput9_1_0"],

    "@bun-win32/{name}": ["@bun-win32/{name}@workspace:packages/template"],

    "@types/bun": ["@types/bun@1.3.12", "", { "dependencies": { "bun-types": "1.3.12" } }, "sha512-DBv81elK+/VSwXHDlnH3Qduw+KxkTIWi7TXkAeh24zpi5l0B2kUg9Ga3tb4nJaPcOFswflgi/yAvMVBPrxMB+A=="],

    "@types/node": ["@types/node@25.6.0", "", { "dependencies": { "undici-types": "~7.19.0" } }, "sha512-+qIYRKdNYJwY3vRCZMdJbPLJAtGjQBudzZzdzwQYkEPQd+PJGixUL5QfvCLDaULoLv+RhT3LDkwEfKaAkgSmNQ=="],

    "bun-types": ["bun-types@1.3.12", "", { "dependencies": { "@types/node": "*" } }, "sha512-HqOLj5PoFajAQciOMRiIZGNoKxDJSr6qigAttOX40vJuSp6DN/CxWp9s3C1Xwm4oH7ybueITwiaOcWXoYVoRkA=="],

    "typescript": ["typescript@5.9.3", "", { "bin": { "tsc": "bin/tsc", "tsserver": "bin/tsserver" } }, "sha512-jl1vZzPDinLr9eUt3J/t7V6FgNEw9QjvBPdysz9KfQDD41fQrC2Y4vKQdiaUpFT4bXlb1RHhLpp8wtm6M5TgSw=="],

    "undici-types": ["undici-types@7.19.2", "", {}, "sha512-qYVnV5OEm2AW8cJMCpdV20CDyaN3g0AjDlOGf1OW4iaDEx8MwdtChUp4zu4H0VP3nDRF/8RKWH+IPp9uW0YGZg=="],

    "@bun-win32/advapi32/@types/bun": ["@types/bun@1.3.14", "", { "dependencies": { "bun-types": "1.3.14" } }, "sha512-h1hFqFVcvAvD9j9K7ZW7vd82aSA+rTdznZa+5bwvCwqSB1jmmfLcbIWhOLx1/+boy/xmjgCs/OMUL8hRJSmnPw=="],

    "@bun-win32/avifil32/@types/bun": ["@types/bun@1.3.14", "", { "dependencies": { "bun-types": "1.3.14" } }, "sha512-h1hFqFVcvAvD9j9K7ZW7vd82aSA+rTdznZa+5bwvCwqSB1jmmfLcbIWhOLx1/+boy/xmjgCs/OMUL8hRJSmnPw=="],

    "@bun-win32/cabinet/@types/bun": ["@types/bun@1.3.14", "", { "dependencies": { "bun-types": "1.3.14" } }, "sha512-h1hFqFVcvAvD9j9K7ZW7vd82aSA+rTdznZa+5bwvCwqSB1jmmfLcbIWhOLx1/+boy/xmjgCs/OMUL8hRJSmnPw=="],

    "@bun-win32/combase/@types/bun": ["@types/bun@1.3.14", "", { "dependencies": { "bun-types": "1.3.14" } }, "sha512-h1hFqFVcvAvD9j9K7ZW7vd82aSA+rTdznZa+5bwvCwqSB1jmmfLcbIWhOLx1/+boy/xmjgCs/OMUL8hRJSmnPw=="],

    "@bun-win32/comdlg32/@types/bun": ["@types/bun@1.3.14", "", { "dependencies": { "bun-types": "1.3.14" } }, "sha512-h1hFqFVcvAvD9j9K7ZW7vd82aSA+rTdznZa+5bwvCwqSB1jmmfLcbIWhOLx1/+boy/xmjgCs/OMUL8hRJSmnPw=="],

    "@bun-win32/core/@types/bun": ["@types/bun@1.3.14", "", { "dependencies": { "bun-types": "1.3.14" } }, "sha512-h1hFqFVcvAvD9j9K7ZW7vd82aSA+rTdznZa+5bwvCwqSB1jmmfLcbIWhOLx1/+boy/xmjgCs/OMUL8hRJSmnPw=="],

    "@bun-win32/d2d1/@types/bun": ["@types/bun@1.3.14", "", { "dependencies": { "bun-types": "1.3.14" } }, "sha512-h1hFqFVcvAvD9j9K7ZW7vd82aSA+rTdznZa+5bwvCwqSB1jmmfLcbIWhOLx1/+boy/xmjgCs/OMUL8hRJSmnPw=="],

    "@bun-win32/d3d12/@types/bun": ["@types/bun@1.3.14", "", { "dependencies": { "bun-types": "1.3.14" } }, "sha512-h1hFqFVcvAvD9j9K7ZW7vd82aSA+rTdznZa+5bwvCwqSB1jmmfLcbIWhOLx1/+boy/xmjgCs/OMUL8hRJSmnPw=="],

    "@bun-win32/d3dcompiler_47/@types/bun": ["@types/bun@1.3.14", "", { "dependencies": { "bun-types": "1.3.14" } }, "sha512-h1hFqFVcvAvD9j9K7ZW7vd82aSA+rTdznZa+5bwvCwqSB1jmmfLcbIWhOLx1/+boy/xmjgCs/OMUL8hRJSmnPw=="],

    "@bun-win32/dinput8/@types/bun": ["@types/bun@1.3.14", "", { "dependencies": { "bun-types": "1.3.14" } }, "sha512-h1hFqFVcvAvD9j9K7ZW7vd82aSA+rTdznZa+5bwvCwqSB1jmmfLcbIWhOLx1/+boy/xmjgCs/OMUL8hRJSmnPw=="],

    "@bun-win32/dnsapi/@types/bun": ["@types/bun@1.3.14", "", { "dependencies": { "bun-types": "1.3.14" } }, "sha512-h1hFqFVcvAvD9j9K7ZW7vd82aSA+rTdznZa+5bwvCwqSB1jmmfLcbIWhOLx1/+boy/xmjgCs/OMUL8hRJSmnPw=="],

    "@bun-win32/dsound/@types/bun": ["@types/bun@1.3.14", "", { "dependencies": { "bun-types": "1.3.14" } }, "sha512-h1hFqFVcvAvD9j9K7ZW7vd82aSA+rTdznZa+5bwvCwqSB1jmmfLcbIWhOLx1/+boy/xmjgCs/OMUL8hRJSmnPw=="],

    "@bun-win32/dwrite/@types/bun": ["@types/bun@1.3.14", "", { "dependencies": { "bun-types": "1.3.14" } }, "sha512-h1hFqFVcvAvD9j9K7ZW7vd82aSA+rTdznZa+5bwvCwqSB1jmmfLcbIWhOLx1/+boy/xmjgCs/OMUL8hRJSmnPw=="],

    "@bun-win32/dxcore/@types/bun": ["@types/bun@1.3.14", "", { "dependencies": { "bun-types": "1.3.14" } }, "sha512-h1hFqFVcvAvD9j9K7ZW7vd82aSA+rTdznZa+5bwvCwqSB1jmmfLcbIWhOLx1/+boy/xmjgCs/OMUL8hRJSmnPw=="],

    "@bun-win32/dxva2/@types/bun": ["@types/bun@1.3.14", "", { "dependencies": { "bun-types": "1.3.14" } }, "sha512-h1hFqFVcvAvD9j9K7ZW7vd82aSA+rTdznZa+5bwvCwqSB1jmmfLcbIWhOLx1/+boy/xmjgCs/OMUL8hRJSmnPw=="],

    "@bun-win32/gdiplus/@types/bun": ["@types/bun@1.3.14", "", { "dependencies": { "bun-types": "1.3.14" } }, "sha512-h1hFqFVcvAvD9j9K7ZW7vd82aSA+rTdznZa+5bwvCwqSB1jmmfLcbIWhOLx1/+boy/xmjgCs/OMUL8hRJSmnPw=="],

    "@bun-win32/httpapi/@types/bun": ["@types/bun@1.3.14", "", { "dependencies": { "bun-types": "1.3.14" } }, "sha512-h1hFqFVcvAvD9j9K7ZW7vd82aSA+rTdznZa+5bwvCwqSB1jmmfLcbIWhOLx1/+boy/xmjgCs/OMUL8hRJSmnPw=="],

    "@bun-win32/kernel32/@types/bun": ["@types/bun@1.3.14", "", { "dependencies": { "bun-types": "1.3.14" } }, "sha512-h1hFqFVcvAvD9j9K7ZW7vd82aSA+rTdznZa+5bwvCwqSB1jmmfLcbIWhOLx1/+boy/xmjgCs/OMUL8hRJSmnPw=="],

    "@bun-win32/magnification/@types/bun": ["@types/bun@1.3.14", "", { "dependencies": { "bun-types": "1.3.14" } }, "sha512-h1hFqFVcvAvD9j9K7ZW7vd82aSA+rTdznZa+5bwvCwqSB1jmmfLcbIWhOLx1/+boy/xmjgCs/OMUL8hRJSmnPw=="],

    "@bun-win32/mscms/@types/bun": ["@types/bun@1.3.14", "", { "dependencies": { "bun-types": "1.3.14" } }, "sha512-h1hFqFVcvAvD9j9K7ZW7vd82aSA+rTdznZa+5bwvCwqSB1jmmfLcbIWhOLx1/+boy/xmjgCs/OMUL8hRJSmnPw=="],

    "@bun-win32/ncrypt/@types/bun": ["@types/bun@1.3.14", "", { "dependencies": { "bun-types": "1.3.14" } }, "sha512-h1hFqFVcvAvD9j9K7ZW7vd82aSA+rTdznZa+5bwvCwqSB1jmmfLcbIWhOLx1/+boy/xmjgCs/OMUL8hRJSmnPw=="],

    "@bun-win32/ole32/@types/bun": ["@types/bun@1.3.14", "", { "dependencies": { "bun-types": "1.3.14" } }, "sha512-h1hFqFVcvAvD9j9K7ZW7vd82aSA+rTdznZa+5bwvCwqSB1jmmfLcbIWhOLx1/+boy/xmjgCs/OMUL8hRJSmnPw=="],

    "@bun-win32/oleaut32/@types/bun": ["@types/bun@1.3.14", "", { "dependencies": { "bun-types": "1.3.14" } }, "sha512-h1hFqFVcvAvD9j9K7ZW7vd82aSA+rTdznZa+5bwvCwqSB1jmmfLcbIWhOLx1/+boy/xmjgCs/OMUL8hRJSmnPw=="],

    "@bun-win32/propsys/@types/bun": ["@types/bun@1.3.14", "", { "dependencies": { "bun-types": "1.3.14" } }, "sha512-h1hFqFVcvAvD9j9K7ZW7vd82aSA+rTdznZa+5bwvCwqSB1jmmfLcbIWhOLx1/+boy/xmjgCs/OMUL8hRJSmnPw=="],

    "@bun-win32/rasapi32/@types/bun": ["@types/bun@1.3.14", "", { "dependencies": { "bun-types": "1.3.14" } }, "sha512-h1hFqFVcvAvD9j9K7ZW7vd82aSA+rTdznZa+5bwvCwqSB1jmmfLcbIWhOLx1/+boy/xmjgCs/OMUL8hRJSmnPw=="],

    "@bun-win32/rpcrt4/@types/bun": ["@types/bun@1.3.14", "", { "dependencies": { "bun-types": "1.3.14" } }, "sha512-h1hFqFVcvAvD9j9K7ZW7vd82aSA+rTdznZa+5bwvCwqSB1jmmfLcbIWhOLx1/+boy/xmjgCs/OMUL8hRJSmnPw=="],

    "@bun-win32/tdh/@types/bun": ["@types/bun@1.3.14", "", { "dependencies": { "bun-types": "1.3.14" } }, "sha512-h1hFqFVcvAvD9j9K7ZW7vd82aSA+rTdznZa+5bwvCwqSB1jmmfLcbIWhOLx1/+boy/xmjgCs/OMUL8hRJSmnPw=="],

    "@bun-win32/user32/@types/bun": ["@types/bun@1.3.14", "", { "dependencies": { "bun-types": "1.3.14" } }, "sha512-h1hFqFVcvAvD9j9K7ZW7vd82aSA+rTdznZa+5bwvCwqSB1jmmfLcbIWhOLx1/+boy/xmjgCs/OMUL8hRJSmnPw=="],

    "@bun-win32/windowscodecs/@types/bun": ["@types/bun@1.3.14", "", { "dependencies": { "bun-types": "1.3.14" } }, "sha512-h1hFqFVcvAvD9j9K7ZW7vd82aSA+rTdznZa+5bwvCwqSB1jmmfLcbIWhOLx1/+boy/xmjgCs/OMUL8hRJSmnPw=="],

    "@bun-win32/winhttp/@types/bun": ["@types/bun@1.3.14", "", { "dependencies": { "bun-types": "1.3.14" } }, "sha512-h1hFqFVcvAvD9j9K7ZW7vd82aSA+rTdznZa+5bwvCwqSB1jmmfLcbIWhOLx1/+boy/xmjgCs/OMUL8hRJSmnPw=="],

    "@bun-win32/wininet/@types/bun": ["@types/bun@1.3.14", "", { "dependencies": { "bun-types": "1.3.14" } }, "sha512-h1hFqFVcvAvD9j9K7ZW7vd82aSA+rTdznZa+5bwvCwqSB1jmmfLcbIWhOLx1/+boy/xmjgCs/OMUL8hRJSmnPw=="],

    "@bun-win32/wintrust/@types/bun": ["@types/bun@1.3.14", "", { "dependencies": { "bun-types": "1.3.14" } }, "sha512-h1hFqFVcvAvD9j9K7ZW7vd82aSA+rTdznZa+5bwvCwqSB1jmmfLcbIWhOLx1/+boy/xmjgCs/OMUL8hRJSmnPw=="],

    "@bun-win32/wldap32/@types/bun": ["@types/bun@1.3.14", "", { "dependencies": { "bun-types": "1.3.14" } }, "sha512-h1hFqFVcvAvD9j9K7ZW7vd82aSA+rTdznZa+5bwvCwqSB1jmmfLcbIWhOLx1/+boy/xmjgCs/OMUL8hRJSmnPw=="],

    "@bun-win32/advapi32/@types/bun/bun-types": ["bun-types@1.3.14", "", { "dependencies": { "@types/node": "*" } }, "sha512-4N0ig0fEomHt5R0KCFWjovxow98rIoRwKolrYdCcknNwMekCXRnWEUvgu5soYV8QXtVsrUD8B95MBOZGPvr6KQ=="],

    "@bun-win32/avifil32/@types/bun/bun-types": ["bun-types@1.3.14", "", { "dependencies": { "@types/node": "*" } }, "sha512-4N0ig0fEomHt5R0KCFWjovxow98rIoRwKolrYdCcknNwMekCXRnWEUvgu5soYV8QXtVsrUD8B95MBOZGPvr6KQ=="],

    "@bun-win32/cabinet/@types/bun/bun-types": ["bun-types@1.3.14", "", { "dependencies": { "@types/node": "*" } }, "sha512-4N0ig0fEomHt5R0KCFWjovxow98rIoRwKolrYdCcknNwMekCXRnWEUvgu5soYV8QXtVsrUD8B95MBOZGPvr6KQ=="],

    "@bun-win32/combase/@types/bun/bun-types": ["bun-types@1.3.14", "", { "dependencies": { "@types/node": "*" } }, "sha512-4N0ig0fEomHt5R0KCFWjovxow98rIoRwKolrYdCcknNwMekCXRnWEUvgu5soYV8QXtVsrUD8B95MBOZGPvr6KQ=="],

    "@bun-win32/comdlg32/@types/bun/bun-types": ["bun-types@1.3.14", "", { "dependencies": { "@types/node": "*" } }, "sha512-4N0ig0fEomHt5R0KCFWjovxow98rIoRwKolrYdCcknNwMekCXRnWEUvgu5soYV8QXtVsrUD8B95MBOZGPvr6KQ=="],

    "@bun-win32/core/@types/bun/bun-types": ["bun-types@1.3.14", "", { "dependencies": { "@types/node": "*" } }, "sha512-4N0ig0fEomHt5R0KCFWjovxow98rIoRwKolrYdCcknNwMekCXRnWEUvgu5soYV8QXtVsrUD8B95MBOZGPvr6KQ=="],

    "@bun-win32/d2d1/@types/bun/bun-types": ["bun-types@1.3.14", "", { "dependencies": { "@types/node": "*" } }, "sha512-4N0ig0fEomHt5R0KCFWjovxow98rIoRwKolrYdCcknNwMekCXRnWEUvgu5soYV8QXtVsrUD8B95MBOZGPvr6KQ=="],

    "@bun-win32/d3d12/@types/bun/bun-types": ["bun-types@1.3.14", "", { "dependencies": { "@types/node": "*" } }, "sha512-4N0ig0fEomHt5R0KCFWjovxow98rIoRwKolrYdCcknNwMekCXRnWEUvgu5soYV8QXtVsrUD8B95MBOZGPvr6KQ=="],

    "@bun-win32/d3dcompiler_47/@types/bun/bun-types": ["bun-types@1.3.14", "", { "dependencies": { "@types/node": "*" } }, "sha512-4N0ig0fEomHt5R0KCFWjovxow98rIoRwKolrYdCcknNwMekCXRnWEUvgu5soYV8QXtVsrUD8B95MBOZGPvr6KQ=="],

    "@bun-win32/dinput8/@types/bun/bun-types": ["bun-types@1.3.14", "", { "dependencies": { "@types/node": "*" } }, "sha512-4N0ig0fEomHt5R0KCFWjovxow98rIoRwKolrYdCcknNwMekCXRnWEUvgu5soYV8QXtVsrUD8B95MBOZGPvr6KQ=="],

    "@bun-win32/dnsapi/@types/bun/bun-types": ["bun-types@1.3.14", "", { "dependencies": { "@types/node": "*" } }, "sha512-4N0ig0fEomHt5R0KCFWjovxow98rIoRwKolrYdCcknNwMekCXRnWEUvgu5soYV8QXtVsrUD8B95MBOZGPvr6KQ=="],

    "@bun-win32/dsound/@types/bun/bun-types": ["bun-types@1.3.14", "", { "dependencies": { "@types/node": "*" } }, "sha512-4N0ig0fEomHt5R0KCFWjovxow98rIoRwKolrYdCcknNwMekCXRnWEUvgu5soYV8QXtVsrUD8B95MBOZGPvr6KQ=="],

    "@bun-win32/dwrite/@types/bun/bun-types": ["bun-types@1.3.14", "", { "dependencies": { "@types/node": "*" } }, "sha512-4N0ig0fEomHt5R0KCFWjovxow98rIoRwKolrYdCcknNwMekCXRnWEUvgu5soYV8QXtVsrUD8B95MBOZGPvr6KQ=="],

    "@bun-win32/dxcore/@types/bun/bun-types": ["bun-types@1.3.14", "", { "dependencies": { "@types/node": "*" } }, "sha512-4N0ig0fEomHt5R0KCFWjovxow98rIoRwKolrYdCcknNwMekCXRnWEUvgu5soYV8QXtVsrUD8B95MBOZGPvr6KQ=="],

    "@bun-win32/dxva2/@types/bun/bun-types": ["bun-types@1.3.14", "", { "dependencies": { "@types/node": "*" } }, "sha512-4N0ig0fEomHt5R0KCFWjovxow98rIoRwKolrYdCcknNwMekCXRnWEUvgu5soYV8QXtVsrUD8B95MBOZGPvr6KQ=="],

    "@bun-win32/gdiplus/@types/bun/bun-types": ["bun-types@1.3.14", "", { "dependencies": { "@types/node": "*" } }, "sha512-4N0ig0fEomHt5R0KCFWjovxow98rIoRwKolrYdCcknNwMekCXRnWEUvgu5soYV8QXtVsrUD8B95MBOZGPvr6KQ=="],

    "@bun-win32/httpapi/@types/bun/bun-types": ["bun-types@1.3.14", "", { "dependencies": { "@types/node": "*" } }, "sha512-4N0ig0fEomHt5R0KCFWjovxow98rIoRwKolrYdCcknNwMekCXRnWEUvgu5soYV8QXtVsrUD8B95MBOZGPvr6KQ=="],

    "@bun-win32/kernel32/@types/bun/bun-types": ["bun-types@1.3.14", "", { "dependencies": { "@types/node": "*" } }, "sha512-4N0ig0fEomHt5R0KCFWjovxow98rIoRwKolrYdCcknNwMekCXRnWEUvgu5soYV8QXtVsrUD8B95MBOZGPvr6KQ=="],

    "@bun-win32/magnification/@types/bun/bun-types": ["bun-types@1.3.14", "", { "dependencies": { "@types/node": "*" } }, "sha512-4N0ig0fEomHt5R0KCFWjovxow98rIoRwKolrYdCcknNwMekCXRnWEUvgu5soYV8QXtVsrUD8B95MBOZGPvr6KQ=="],

    "@bun-win32/mscms/@types/bun/bun-types": ["bun-types@1.3.14", "", { "dependencies": { "@types/node": "*" } }, "sha512-4N0ig0fEomHt5R0KCFWjovxow98rIoRwKolrYdCcknNwMekCXRnWEUvgu5soYV8QXtVsrUD8B95MBOZGPvr6KQ=="],

    "@bun-win32/ncrypt/@types/bun/bun-types": ["bun-types@1.3.14", "", { "dependencies": { "@types/node": "*" } }, "sha512-4N0ig0fEomHt5R0KCFWjovxow98rIoRwKolrYdCcknNwMekCXRnWEUvgu5soYV8QXtVsrUD8B95MBOZGPvr6KQ=="],

    "@bun-win32/ole32/@types/bun/bun-types": ["bun-types@1.3.14", "", { "dependencies": { "@types/node": "*" } }, "sha512-4N0ig0fEomHt5R0KCFWjovxow98rIoRwKolrYdCcknNwMekCXRnWEUvgu5soYV8QXtVsrUD8B95MBOZGPvr6KQ=="],

    "@bun-win32/oleaut32/@types/bun/bun-types": ["bun-types@1.3.14", "", { "dependencies": { "@types/node": "*" } }, "sha512-4N0ig0fEomHt5R0KCFWjovxow98rIoRwKolrYdCcknNwMekCXRnWEUvgu5soYV8QXtVsrUD8B95MBOZGPvr6KQ=="],

    "@bun-win32/propsys/@types/bun/bun-types": ["bun-types@1.3.14", "", { "dependencies": { "@types/node": "*" } }, "sha512-4N0ig0fEomHt5R0KCFWjovxow98rIoRwKolrYdCcknNwMekCXRnWEUvgu5soYV8QXtVsrUD8B95MBOZGPvr6KQ=="],

    "@bun-win32/rasapi32/@types/bun/bun-types": ["bun-types@1.3.14", "", { "dependencies": { "@types/node": "*" } }, "sha512-4N0ig0fEomHt5R0KCFWjovxow98rIoRwKolrYdCcknNwMekCXRnWEUvgu5soYV8QXtVsrUD8B95MBOZGPvr6KQ=="],

    "@bun-win32/rpcrt4/@types/bun/bun-types": ["bun-types@1.3.14", "", { "dependencies": { "@types/node": "*" } }, "sha512-4N0ig0fEomHt5R0KCFWjovxow98rIoRwKolrYdCcknNwMekCXRnWEUvgu5soYV8QXtVsrUD8B95MBOZGPvr6KQ=="],

    "@bun-win32/tdh/@types/bun/bun-types": ["bun-types@1.3.14", "", { "dependencies": { "@types/node": "*" } }, "sha512-4N0ig0fEomHt5R0KCFWjovxow98rIoRwKolrYdCcknNwMekCXRnWEUvgu5soYV8QXtVsrUD8B95MBOZGPvr6KQ=="],

    "@bun-win32/user32/@types/bun/bun-types": ["bun-types@1.3.14", "", { "dependencies": { "@types/node": "*" } }, "sha512-4N0ig0fEomHt5R0KCFWjovxow98rIoRwKolrYdCcknNwMekCXRnWEUvgu5soYV8QXtVsrUD8B95MBOZGPvr6KQ=="],

    "@bun-win32/windowscodecs/@types/bun/bun-types": ["bun-types@1.3.14", "", { "dependencies": { "@types/node": "*" } }, "sha512-4N0ig0fEomHt5R0KCFWjovxow98rIoRwKolrYdCcknNwMekCXRnWEUvgu5soYV8QXtVsrUD8B95MBOZGPvr6KQ=="],

    "@bun-win32/winhttp/@types/bun/bun-types": ["bun-types@1.3.14", "", { "dependencies": { "@types/node": "*" } }, "sha512-4N0ig0fEomHt5R0KCFWjovxow98rIoRwKolrYdCcknNwMekCXRnWEUvgu5soYV8QXtVsrUD8B95MBOZGPvr6KQ=="],

    "@bun-win32/wininet/@types/bun/bun-types": ["bun-types@1.3.14", "", { "dependencies": { "@types/node": "*" } }, "sha512-4N0ig0fEomHt5R0KCFWjovxow98rIoRwKolrYdCcknNwMekCXRnWEUvgu5soYV8QXtVsrUD8B95MBOZGPvr6KQ=="],

    "@bun-win32/wintrust/@types/bun/bun-types": ["bun-types@1.3.14", "", { "dependencies": { "@types/node": "*" } }, "sha512-4N0ig0fEomHt5R0KCFWjovxow98rIoRwKolrYdCcknNwMekCXRnWEUvgu5soYV8QXtVsrUD8B95MBOZGPvr6KQ=="],

    "@bun-win32/wldap32/@types/bun/bun-types": ["bun-types@1.3.14", "", { "dependencies": { "@types/node": "*" } }, "sha512-4N0ig0fEomHt5R0KCFWjovxow98rIoRwKolrYdCcknNwMekCXRnWEUvgu5soYV8QXtVsrUD8B95MBOZGPvr6KQ=="],
  }
}
